
Microsoft Visual Studio Solution File, Format Version 12.00
# Visual Studio Version 16
VisualStudioVersion = 16.0.29709.97
MinimumVisualStudioVersion = 10.0.40219.1
Project("{9A19103F-16F7-4668-BE54-9A1E7A4F7556}") = "FirstCatering.API", "FirstCatering.API.csproj", "{66C95ABE-F3F4-4200-BE35-0D9CCC332360}"
EndProject
Global
	GlobalSection(SolutionConfigurationPlatforms) = preSolution
		Debug|Any CPU = Debug|Any CPU
		Release|Any CPU = Release|Any CPU
	EndGlobalSection
	GlobalSection(ProjectConfigurationPlatforms) = postSolution
		{66C95ABE-F3F4-4200-BE35-0D9CCC332360}.Debug|Any CPU.ActiveCfg = Debug|Any CPU
		{66C95ABE-F3F4-4200-BE35-0D9CCC332360}.Debug|Any CPU.Build.0 = Debug|Any CPU
		{66C95ABE-F3F4-4200-BE35-0D9CCC332360}.Release|Any CPU.ActiveCfg = Release|Any CPU
		{66C95ABE-F3F4-4200-BE35-0D9CCC332360}.Release|Any CPU.Build.0 = Release|Any CPU
	EndGlobalSection
	GlobalSection(SolutionProperties) = preSolution
		HideSolutionNode = FALSE
	EndGlobalSection
	GlobalSection(ExtensibilityGlobals) = postSolution
		SolutionGuid = {CCB76504-A307-4E56-BD3C-2516567C0120}
	EndGlobalSection
EndGlobal
